
Microsoft Visual Studio Solution File, Format Version 12.00
# Visual Studio Version 17
VisualStudioVersion = 17.11.35327.3
MinimumVisualStudioVersion = 10.0.40219.1
Project("{FAE04EC0-301F-11D3-BF4B-00C04F79EFBC}") = "AppCrud", "AppCrud\AppCrud.csproj", "{38B66E5F-07A7-4D4C-832A-8A8E25BDEBC8}"
EndProject
Global
	GlobalSection(SolutionConfigurationPlatforms) = preSolution
		Debug|Any CPU = Debug|Any CPU
		Release|Any CPU = Release|Any CPU
	EndGlobalSection
	GlobalSection(ProjectConfigurationPlatforms) = postSolution
		{38B66E5F-07A7-4D4C-832A-8A8E25BDEBC8}.Debug|Any CPU.ActiveCfg = Debug|Any CPU
		{38B66E5F-07A7-4D4C-832A-8A8E25BDEBC8}.Debug|Any CPU.Build.0 = Debug|Any CPU
		{38B66E5F-07A7-4D4C-832A-8A8E25BDEBC8}.Release|Any CPU.ActiveCfg = Release|Any CPU
		{38B66E5F-07A7-4D4C-832A-8A8E25BDEBC8}.Release|Any CPU.Build.0 = Release|Any CPU
	EndGlobalSection
	GlobalSection(SolutionProperties) = preSolution
		HideSolutionNode = FALSE
	EndGlobalSection
	GlobalSection(ExtensibilityGlobals) = postSolution
		SolutionGuid = {69D91227-9D72-421E-99FF-69BE092885EA}
	EndGlobalSection
EndGlobal
